
Microsoft Visual Studio Solution File, Format Version 12.00
# Visual Studio Version 17
VisualStudioVersion = 17.4.33213.308
MinimumVisualStudioVersion = 10.0.40219.1
Project("{FAE04EC0-301F-11D3-BF4B-00C04F79EFBC}") = "Employee Salary", "Employee Salary\Employee Salary.csproj", "{F49DBDEE-A741-4695-BC86-5D059A3C0DC8}"
EndProject
Global
	GlobalSection(SolutionConfigurationPlatforms) = preSolution
		Debug|Any CPU = Debug|Any CPU
		Release|Any CPU = Release|Any CPU
	EndGlobalSection
	GlobalSection(ProjectConfigurationPlatforms) = postSolution
		{F49DBDEE-A741-4695-BC86-5D059A3C0DC8}.Debug|Any CPU.ActiveCfg = Debug|Any CPU
		{F49DBDEE-A741-4695-BC86-5D059A3C0DC8}.Debug|Any CPU.Build.0 = Debug|Any CPU
		{F49DBDEE-A741-4695-BC86-5D059A3C0DC8}.Release|Any CPU.ActiveCfg = Release|Any CPU
		{F49DBDEE-A741-4695-BC86-5D059A3C0DC8}.Release|Any CPU.Build.0 = Release|Any CPU
	EndGlobalSection
	GlobalSection(SolutionProperties) = preSolution
		HideSolutionNode = FALSE
	EndGlobalSection
	GlobalSection(ExtensibilityGlobals) = postSolution
		SolutionGuid = {E7362D29-9B83-40DD-B52F-E8692CE8B78A}
	EndGlobalSection
EndGlobal
